
Microsoft Visual Studio Solution File, Format Version 12.00
# Visual Studio Version 17
VisualStudioVersion = 17.0.31903.59
MinimumVisualStudioVersion = 10.0.40219.1
Project("{2150E333-8FDC-42A3-9474-1A3956D46DE8}") = "src", "src", "{827E0CD3-B72D-47B6-A68D-7590B98EB39B}"
EndProject
Project("{FAE04EC0-301F-11D3-BF4B-00C04F79EFBC}") = "WebAPI", "src\WebAPI\WebAPI.csproj", "{B85CDFCA-BD64-40A6-8443-EB7B8647934D}"
EndProject
Project("{2150E333-8FDC-42A3-9474-1A3956D46DE8}") = "tests", "tests", "{0AB3BF05-4346-4AA6-1389-037BE0695223}"
EndProject
Project("{FAE04EC0-301F-11D3-BF4B-00C04F79EFBC}") = "PainelEstetica.IntegrationTests", "tests\PainelEstetica.IntegrationTests\PainelEstetica.IntegrationTests.csproj", "{FE09958D-0B96-4A34-8D43-888619371826}"
EndProject
Project("{FAE04EC0-301F-11D3-BF4B-00C04F79EFBC}") = "PainelEstetica.Domain", "src\Domain\PainelEstetica.Domain.csproj", "{F44B838E-C452-4F44-B599-669F021BBD07}"
EndProject
Project("{FAE04EC0-301F-11D3-BF4B-00C04F79EFBC}") = "PainelEstetica.Application", "src\Application\PainelEstetica.Application.csproj", "{E79237E8-DE25-494A-9F9C-90F3E2576CD9}"
EndProject
Project("{FAE04EC0-301F-11D3-BF4B-00C04F79EFBC}") = "PainelEstetica.Infrastructure", "src\Infrastructure\PainelEstetica.Infrastructure.csproj", "{394185F2-FAD2-4029-9E4E-5DE2F8A31036}"
EndProject
Project("{FAE04EC0-301F-11D3-BF4B-00C04F79EFBC}") = "PainelEstetica.DatabaseMigrator", "src\DatabaseMigrator\PainelEstetica.DatabaseMigrator.csproj", "{BE3058F7-30B4-43A5-83C8-B53D5D0817C1}"
EndProject
Global
	GlobalSection(SolutionConfigurationPlatforms) = preSolution
		Debug|Any CPU = Debug|Any CPU
		Debug|x64 = Debug|x64
		Debug|x86 = Debug|x86
		Release|Any CPU = Release|Any CPU
		Release|x64 = Release|x64
		Release|x86 = Release|x86
	EndGlobalSection
	GlobalSection(ProjectConfigurationPlatforms) = postSolution
		{B85CDFCA-BD64-40A6-8443-EB7B8647934D}.Debug|Any CPU.ActiveCfg = Debug|Any CPU
		{B85CDFCA-BD64-40A6-8443-EB7B8647934D}.Debug|Any CPU.Build.0 = Debug|Any CPU
		{B85CDFCA-BD64-40A6-8443-EB7B8647934D}.Debug|x64.ActiveCfg = Debug|Any CPU
		{B85CDFCA-BD64-40A6-8443-EB7B8647934D}.Debug|x64.Build.0 = Debug|Any CPU
		{B85CDFCA-BD64-40A6-8443-EB7B8647934D}.Debug|x86.ActiveCfg = Debug|Any CPU
		{B85CDFCA-BD64-40A6-8443-EB7B8647934D}.Debug|x86.Build.0 = Debug|Any CPU
		{B85CDFCA-BD64-40A6-8443-EB7B8647934D}.Release|Any CPU.ActiveCfg = Release|Any CPU
		{B85CDFCA-BD64-40A6-8443-EB7B8647934D}.Release|Any CPU.Build.0 = Release|Any CPU
		{B85CDFCA-BD64-40A6-8443-EB7B8647934D}.Release|x64.ActiveCfg = Release|Any CPU
		{B85CDFCA-BD64-40A6-8443-EB7B8647934D}.Release|x64.Build.0 = Release|Any CPU
		{B85CDFCA-BD64-40A6-8443-EB7B8647934D}.Release|x86.ActiveCfg = Release|Any CPU
		{B85CDFCA-BD64-40A6-8443-EB7B8647934D}.Release|x86.Build.0 = Release|Any CPU
		{FE09958D-0B96-4A34-8D43-888619371826}.Debug|Any CPU.ActiveCfg = Debug|Any CPU
		{FE09958D-0B96-4A34-8D43-888619371826}.Debug|Any CPU.Build.0 = Debug|Any CPU
		{FE09958D-0B96-4A34-8D43-888619371826}.Debug|x64.ActiveCfg = Debug|Any CPU
		{FE09958D-0B96-4A34-8D43-888619371826}.Debug|x64.Build.0 = Debug|Any CPU
		{FE09958D-0B96-4A34-8D43-888619371826}.Debug|x86.ActiveCfg = Debug|Any CPU
		{FE09958D-0B96-4A34-8D43-888619371826}.Debug|x86.Build.0 = Debug|Any CPU
		{FE09958D-0B96-4A34-8D43-888619371826}.Release|Any CPU.ActiveCfg = Release|Any CPU
		{FE09958D-0B96-4A34-8D43-888619371826}.Release|Any CPU.Build.0 = Release|Any CPU
		{FE09958D-0B96-4A34-8D43-888619371826}.Release|x64.ActiveCfg = Release|Any CPU
		{FE09958D-0B96-4A34-8D43-888619371826}.Release|x64.Build.0 = Release|Any CPU
		{FE09958D-0B96-4A34-8D43-888619371826}.Release|x86.ActiveCfg = Release|Any CPU
		{FE09958D-0B96-4A34-8D43-888619371826}.Release|x86.Build.0 = Release|Any CPU
		{F44B838E-C452-4F44-B599-669F021BBD07}.Debug|Any CPU.ActiveCfg = Debug|Any CPU
		{F44B838E-C452-4F44-B599-669F021BBD07}.Debug|Any CPU.Build.0 = Debug|Any CPU
		{F44B838E-C452-4F44-B599-669F021BBD07}.Debug|x64.ActiveCfg = Debug|Any CPU
		{F44B838E-C452-4F44-B599-669F021BBD07}.Debug|x64.Build.0 = Debug|Any CPU
		{F44B838E-C452-4F44-B599-669F021BBD07}.Debug|x86.ActiveCfg = Debug|Any CPU
		{F44B838E-C452-4F44-B599-669F021BBD07}.Debug|x86.Build.0 = Debug|Any CPU
		{F44B838E-C452-4F44-B599-669F021BBD07}.Release|Any CPU.ActiveCfg = Release|Any CPU
		{F44B838E-C452-4F44-B599-669F021BBD07}.Release|Any CPU.Build.0 = Release|Any CPU
		{F44B838E-C452-4F44-B599-669F021BBD07}.Release|x64.ActiveCfg = Release|Any CPU
		{F44B838E-C452-4F44-B599-669F021BBD07}.Release|x64.Build.0 = Release|Any CPU
		{F44B838E-C452-4F44-B599-669F021BBD07}.Release|x86.ActiveCfg = Release|Any CPU
		{F44B838E-C452-4F44-B599-669F021BBD07}.Release|x86.Build.0 = Release|Any CPU
		{E79237E8-DE25-494A-9F9C-90F3E2576CD9}.Debug|Any CPU.ActiveCfg = Debug|Any CPU
		{E79237E8-DE25-494A-9F9C-90F3E2576CD9}.Debug|Any CPU.Build.0 = Debug|Any CPU
		{E79237E8-DE25-494A-9F9C-90F3E2576CD9}.Debug|x64.ActiveCfg = Debug|Any CPU
		{E79237E8-DE25-494A-9F9C-90F3E2576CD9}.Debug|x64.Build.0 = Debug|Any CPU
		{E79237E8-DE25-494A-9F9C-90F3E2576CD9}.Debug|x86.ActiveCfg = Debug|Any CPU
		{E79237E8-DE25-494A-9F9C-90F3E2576CD9}.Debug|x86.Build.0 = Debug|Any CPU
		{E79237E8-DE25-494A-9F9C-90F3E2576CD9}.Release|Any CPU.ActiveCfg = Release|Any CPU
		{E79237E8-DE25-494A-9F9C-90F3E2576CD9}.Release|Any CPU.Build.0 = Release|Any CPU
		{E79237E8-DE25-494A-9F9C-90F3E2576CD9}.Release|x64.ActiveCfg = Release|Any CPU
		{E79237E8-DE25-494A-9F9C-90F3E2576CD9}.Release|x64.Build.0 = Release|Any CPU
		{E79237E8-DE25-494A-9F9C-90F3E2576CD9}.Release|x86.ActiveCfg = Release|Any CPU
		{E79237E8-DE25-494A-9F9C-90F3E2576CD9}.Release|x86.Build.0 = Release|Any CPU
		{394185F2-FAD2-4029-9E4E-5DE2F8A31036}.Debug|Any CPU.ActiveCfg = Debug|Any CPU
		{394185F2-FAD2-4029-9E4E-5DE2F8A31036}.Debug|Any CPU.Build.0 = Debug|Any CPU
		{394185F2-FAD2-4029-9E4E-5DE2F8A31036}.Debug|x64.ActiveCfg = Debug|Any CPU
		{394185F2-FAD2-4029-9E4E-5DE2F8A31036}.Debug|x64.Build.0 = Debug|Any CPU
		{394185F2-FAD2-4029-9E4E-5DE2F8A31036}.Debug|x86.ActiveCfg = Debug|Any CPU
		{394185F2-FAD2-4029-9E4E-5DE2F8A31036}.Debug|x86.Build.0 = Debug|Any CPU
		{394185F2-FAD2-4029-9E4E-5DE2F8A31036}.Release|Any CPU.ActiveCfg = Release|Any CPU
		{394185F2-FAD2-4029-9E4E-5DE2F8A31036}.Release|Any CPU.Build.0 = Release|Any CPU
		{394185F2-FAD2-4029-9E4E-5DE2F8A31036}.Release|x64.ActiveCfg = Release|Any CPU
		{394185F2-FAD2-4029-9E4E-5DE2F8A31036}.Release|x64.Build.0 = Release|Any CPU
		{394185F2-FAD2-4029-9E4E-5DE2F8A31036}.Release|x86.ActiveCfg = Release|Any CPU
		{394185F2-FAD2-4029-9E4E-5DE2F8A31036}.Release|x86.Build.0 = Release|Any CPU
		{BE3058F7-30B4-43A5-83C8-B53D5D0817C1}.Debug|Any CPU.ActiveCfg = Debug|Any CPU
		{BE3058F7-30B4-43A5-83C8-B53D5D0817C1}.Debug|Any CPU.Build.0 = Debug|Any CPU
		{BE3058F7-30B4-43A5-83C8-B53D5D0817C1}.Debug|x64.ActiveCfg = Debug|Any CPU
		{BE3058F7-30B4-43A5-83C8-B53D5D0817C1}.Debug|x64.Build.0 = Debug|Any CPU
		{BE3058F7-30B4-43A5-83C8-B53D5D0817C1}.Debug|x86.ActiveCfg = Debug|Any CPU
		{BE3058F7-30B4-43A5-83C8-B53D5D0817C1}.Debug|x86.Build.0 = Debug|Any CPU
		{BE3058F7-30B4-43A5-83C8-B53D5D0817C1}.Release|Any CPU.ActiveCfg = Release|Any CPU
		{BE3058F7-30B4-43A5-83C8-B53D5D0817C1}.Release|Any CPU.Build.0 = Release|Any CPU
		{BE3058F7-30B4-43A5-83C8-B53D5D0817C1}.Release|x64.ActiveCfg = Release|Any CPU
		{BE3058F7-30B4-43A5-83C8-B53D5D0817C1}.Release|x64.Build.0 = Release|Any CPU
		{BE3058F7-30B4-43A5-83C8-B53D5D0817C1}.Release|x86.ActiveCfg = Release|Any CPU
		{BE3058F7-30B4-43A5-83C8-B53D5D0817C1}.Release|x86.Build.0 = Release|Any CPU
	EndGlobalSection
	GlobalSection(SolutionProperties) = preSolution
		HideSolutionNode = FALSE
	EndGlobalSection
	GlobalSection(NestedProjects) = preSolution
		{B85CDFCA-BD64-40A6-8443-EB7B8647934D} = {827E0CD3-B72D-47B6-A68D-7590B98EB39B}
		{FE09958D-0B96-4A34-8D43-888619371826} = {0AB3BF05-4346-4AA6-1389-037BE0695223}
		{F44B838E-C452-4F44-B599-669F021BBD07} = {827E0CD3-B72D-47B6-A68D-7590B98EB39B}
		{E79237E8-DE25-494A-9F9C-90F3E2576CD9} = {827E0CD3-B72D-47B6-A68D-7590B98EB39B}
		{394185F2-FAD2-4029-9E4E-5DE2F8A31036} = {827E0CD3-B72D-47B6-A68D-7590B98EB39B}
		{BE3058F7-30B4-43A5-83C8-B53D5D0817C1} = {827E0CD3-B72D-47B6-A68D-7590B98EB39B}
	EndGlobalSection
EndGlobal
